PODS:
  - ScalePicker (2.5.3)
  - XLForm (3.1.1)

DEPENDENCIES:
  - ScalePicker (from `../ScalePicker.podspec`)
  - XLForm

EXTERNAL SOURCES:
  ScalePicker:
    :path: "../ScalePicker.podspec"

SPEC CHECKSUMS:
  ScalePicker: c3c6b2fa3c7d640055eac5aac5f83a5963815e34
  XLForm: c9ee7e0f859341279bfd894f9589a9d25c23e4df

PODFILE CHECKSUM: e5418a01cd8c0db938965f99f92af91902dafdef

COCOAPODS: 1.0.1
